
Microsoft Visual Studio Solution File, Format Version 12.00
# Visual Studio Version 16
VisualStudioVersion = 16.0.31410.357
MinimumVisualStudioVersion = 10.0.40219.1
Project("{FAE04EC0-301F-11D3-BF4B-00C04F79EFBC}") = "RoCord", "RoCord\RoCord.csproj", "{77863791-C2CE-4EBE-B526-D7673DCEED31}"
EndProject
Global
	GlobalSection(SolutionConfigurationPlatforms) = preSolution
		Debug|Any CPU = Debug|Any CPU
		Release|Any CPU = Release|Any CPU
	EndGlobalSection
	GlobalSection(ProjectConfigurationPlatforms) = postSolution
		{77863791-C2CE-4EBE-B526-D7673DCEED31}.Debug|Any CPU.ActiveCfg = Debug|Any CPU
		{77863791-C2CE-4EBE-B526-D7673DCEED31}.Debug|Any CPU.Build.0 = Debug|Any CPU
		{77863791-C2CE-4EBE-B526-D7673DCEED31}.Release|Any CPU.ActiveCfg = Release|Any CPU
		{77863791-C2CE-4EBE-B526-D7673DCEED31}.Release|Any CPU.Build.0 = Release|Any CPU
	EndGlobalSection
	GlobalSection(SolutionProperties) = preSolution
		HideSolutionNode = FALSE
	EndGlobalSection
	GlobalSection(ExtensibilityGlobals) = postSolution
		SolutionGuid = {AA190475-C0AB-4C59-A4DE-609F1CDF3240}
	EndGlobalSection
EndGlobal
